
Microsoft Visual Studio Solution File, Format Version 12.00
# Visual Studio 14
VisualStudioVersion = 14.0.25420.1
MinimumVisualStudioVersion = 10.0.40219.1
Project("{FAE04EC0-301F-11D3-BF4B-00C04F79EFBC}") = "TrainingAssignmentWPF", "TrainingAssignmentWPF\TrainingAssignmentWPF.csproj", "{330ACFED-5278-4162-A1F4-1EC2F7F27094}"
EndProject
Project("{FAE04EC0-301F-11D3-BF4B-00C04F79EFBC}") = "Training.DataLayer", "Training.DataLayer\Training.DataLayer.csproj", "{C7BF538F-0AD2-4589-8C23-E6B348C60D1E}"
EndProject
Project("{FAE04EC0-301F-11D3-BF4B-00C04F79EFBC}") = "Training.EntityLayer", "Training.EntityLayer\Training.EntityLayer.csproj", "{0D20CC5A-4FBA-444E-A139-F5A1F3DA41B6}"
EndProject
Global
	GlobalSection(SolutionConfigurationPlatforms) = preSolution
		Debug|Any CPU = Debug|Any CPU
		Release|Any CPU = Release|Any CPU
	EndGlobalSection
	GlobalSection(ProjectConfigurationPlatforms) = postSolution
		{330ACFED-5278-4162-A1F4-1EC2F7F27094}.Debug|Any CPU.ActiveCfg = Debug|Any CPU
		{330ACFED-5278-4162-A1F4-1EC2F7F27094}.Debug|Any CPU.Build.0 = Debug|Any CPU
		{330ACFED-5278-4162-A1F4-1EC2F7F27094}.Release|Any CPU.ActiveCfg = Release|Any CPU
		{330ACFED-5278-4162-A1F4-1EC2F7F27094}.Release|Any CPU.Build.0 = Release|Any CPU
		{C7BF538F-0AD2-4589-8C23-E6B348C60D1E}.Debug|Any CPU.ActiveCfg = Debug|Any CPU
		{C7BF538F-0AD2-4589-8C23-E6B348C60D1E}.Debug|Any CPU.Build.0 = Debug|Any CPU
		{C7BF538F-0AD2-4589-8C23-E6B348C60D1E}.Release|Any CPU.ActiveCfg = Release|Any CPU
		{C7BF538F-0AD2-4589-8C23-E6B348C60D1E}.Release|Any CPU.Build.0 = Release|Any CPU
		{0D20CC5A-4FBA-444E-A139-F5A1F3DA41B6}.Debug|Any CPU.ActiveCfg = Debug|Any CPU
		{0D20CC5A-4FBA-444E-A139-F5A1F3DA41B6}.Debug|Any CPU.Build.0 = Debug|Any CPU
		{0D20CC5A-4FBA-444E-A139-F5A1F3DA41B6}.Release|Any CPU.ActiveCfg = Release|Any CPU
		{0D20CC5A-4FBA-444E-A139-F5A1F3DA41B6}.Release|Any CPU.Build.0 = Release|Any CPU
	EndGlobalSection
	GlobalSection(SolutionProperties) = preSolution
		HideSolutionNode = FALSE
	EndGlobalSection
EndGlobal
